
Microsoft Visual Studio Solution File, Format Version 11.00
# Visual Studio 2010
Project("{FAE04EC0-301F-11D3-BF4B-00C04F79EFBC}") = "CHOCO007", "Assembly-CSharp.csproj", "{270A5F8C-1147-755F-E9AF-76F9EE4DDB7D}"
EndProject
Global
	GlobalSection(SolutionConfigurationPlatforms) = preSolution
		Debug|Any CPU = Debug|Any CPU
		Release|Any CPU = Release|Any CPU
	EndGlobalSection
	GlobalSection(ProjectConfigurationPlatforms) = postSolution
		{270A5F8C-1147-755F-E9AF-76F9EE4DDB7D}.Debug|Any CPU.ActiveCfg = Debug|Any CPU
		{270A5F8C-1147-755F-E9AF-76F9EE4DDB7D}.Debug|Any CPU.Build.0 = Debug|Any CPU
		{270A5F8C-1147-755F-E9AF-76F9EE4DDB7D}.Release|Any CPU.ActiveCfg = Release|Any CPU
		{270A5F8C-1147-755F-E9AF-76F9EE4DDB7D}.Release|Any CPU.Build.0 = Release|Any CPU
	EndGlobalSection
	GlobalSection(SolutionProperties) = preSolution
		HideSolutionNode = FALSE
	EndGlobalSection
	GlobalSection(MonoDevelopProperties) = preSolution
		StartupItem = Assembly-CSharp.csproj
	EndGlobalSection
EndGlobal
