
Microsoft Visual Studio Solution File, Format Version 12.00
# Visual Studio 15
Project("{FAE04EC0-301F-11D3-BF4B-00C04F79EFBC}") = "조건문", "조건문.csproj", "{BAF25B3F-0F41-9AC4-6AA0-9E71EB78D275}"
EndProject
Project("{FAE04EC0-301F-11D3-BF4B-00C04F79EFBC}") = "조건문.Plugins", "조건문.Plugins.csproj", "{0166B9EE-D601-5F8A-AA80-5345981FDCA5}"
EndProject
Global
	GlobalSection(SolutionConfigurationPlatforms) = preSolution
		Debug|Any CPU = Debug|Any CPU
		Release|Any CPU = Release|Any CPU
	EndGlobalSection
	GlobalSection(ProjectConfigurationPlatforms) = postSolution
		{BAF25B3F-0F41-9AC4-6AA0-9E71EB78D275}.Debug|Any CPU.ActiveCfg = Debug|Any CPU
		{BAF25B3F-0F41-9AC4-6AA0-9E71EB78D275}.Debug|Any CPU.Build.0 = Debug|Any CPU
		{BAF25B3F-0F41-9AC4-6AA0-9E71EB78D275}.Release|Any CPU.ActiveCfg = Release|Any CPU
		{BAF25B3F-0F41-9AC4-6AA0-9E71EB78D275}.Release|Any CPU.Build.0 = Release|Any CPU
		{0166B9EE-D601-5F8A-AA80-5345981FDCA5}.Debug|Any CPU.ActiveCfg = Debug|Any CPU
		{0166B9EE-D601-5F8A-AA80-5345981FDCA5}.Debug|Any CPU.Build.0 = Debug|Any CPU
		{0166B9EE-D601-5F8A-AA80-5345981FDCA5}.Release|Any CPU.ActiveCfg = Release|Any CPU
		{0166B9EE-D601-5F8A-AA80-5345981FDCA5}.Release|Any CPU.Build.0 = Release|Any CPU
	EndGlobalSection
	GlobalSection(SolutionProperties) = preSolution
		HideSolutionNode = FALSE
	EndGlobalSection
EndGlobal
