
Microsoft Visual Studio Solution File, Format Version 12.00
# Visual Studio 15
Project("{FAE04EC0-301F-11D3-BF4B-00C04F79EFBC}") = "print (4)", "print (4).csproj", "{D4131C1B-4FE8-7495-22E9-6297B4B7E757}"
EndProject
Project("{FAE04EC0-301F-11D3-BF4B-00C04F79EFBC}") = "print (4).Plugins", "print (4).Plugins.csproj", "{269FE858-2387-9516-966D-CCD412586773}"
EndProject
Global
	GlobalSection(SolutionConfigurationPlatforms) = preSolution
		Debug|Any CPU = Debug|Any CPU
		Release|Any CPU = Release|Any CPU
	EndGlobalSection
	GlobalSection(ProjectConfigurationPlatforms) = postSolution
		{D4131C1B-4FE8-7495-22E9-6297B4B7E757}.Debug|Any CPU.ActiveCfg = Debug|Any CPU
		{D4131C1B-4FE8-7495-22E9-6297B4B7E757}.Debug|Any CPU.Build.0 = Debug|Any CPU
		{D4131C1B-4FE8-7495-22E9-6297B4B7E757}.Release|Any CPU.ActiveCfg = Release|Any CPU
		{D4131C1B-4FE8-7495-22E9-6297B4B7E757}.Release|Any CPU.Build.0 = Release|Any CPU
		{269FE858-2387-9516-966D-CCD412586773}.Debug|Any CPU.ActiveCfg = Debug|Any CPU
		{269FE858-2387-9516-966D-CCD412586773}.Debug|Any CPU.Build.0 = Debug|Any CPU
		{269FE858-2387-9516-966D-CCD412586773}.Release|Any CPU.ActiveCfg = Release|Any CPU
		{269FE858-2387-9516-966D-CCD412586773}.Release|Any CPU.Build.0 = Release|Any CPU
	EndGlobalSection
	GlobalSection(SolutionProperties) = preSolution
		HideSolutionNode = FALSE
	EndGlobalSection
EndGlobal
